// !$*UTF8*$!
{
	archiveVersion = 1;
	classes = {
	};
	objectVersion = 46;
	objects = {

/* Begin PBXBuildFile section */
		C0622CEE16157BED00111E54 /* UIKit.framework in Frameworks */ = {isa = PBXBuildFile; fileRef = C0622CED16157BED00111E54 /* UIKit.framework */; };
		C0622CF016157BED00111E54 /* Foundation.framework in Frameworks */ = {isa = PBXBuildFile; fileRef = C0622CEF16157BED00111E54 /* Foundation.framework */; };
		C0622CF216157BED00111E54 /* CoreGraphics.framework in Frameworks */ = {isa = PBXBuildFile; fileRef = C0622CF116157BED00111E54 /* CoreGraphics.framework */; };
		C0622CF816157BED00111E54 /* InfoPlist.strings in Resources */ = {isa = PBXBuildFile; fileRef = C0622CF616157BED00111E54 /* InfoPlist.strings */; };
		C0622CFA16157BED00111E54 /* main.m in Sources */ = {isa = PBXBuildFile; fileRef = C0622CF916157BED00111E54 /* main.m */; };
		C0622CFE16157BED00111E54 /* AppDelegate.m in Sources */ = {isa = PBXBuildFile; fileRef = C0622CFD16157BED00111E54 /* AppDelegate.m */; };
		C0622D0016157BED00111E54 /* Default.png in Resources */ = {isa = PBXBuildFile; fileRef = C0622CFF16157BED00111E54 /* Default.png */; };
		C0622D0216157BED00111E54 /* Default@2x.png in Resources */ = {isa = PBXBuildFile; fileRef = C0622D0116157BED00111E54 /* Default@2x.png */; };
		C0622D0416157BED00111E54 /* Default-568h@2x.png in Resources */ = {isa = PBXBuildFile; fileRef = C0622D0316157BED00111E54 /* Default-568h@2x.png */; };
		C0622D0716157BED00111E54 /* FirstViewController.m in Sources */ = {isa = PBXBuildFile; fileRef = C0622D0616157BED00111E54 /* FirstViewController.m */; };
		C0622D0E16157BED00111E54 /* SecondViewController.m in Sources */ = {isa = PBXBuildFile; fileRef = C0622D0D16157BED00111E54 /* SecondViewController.m */; };
		C0622D1516157BED00111E54 /* FirstViewController1.xib in Resources */ = {isa = PBXBuildFile; fileRef = C0622D1316157BED00111E54 /* FirstViewController1.xib */; };
		C0622D1816157BED00111E54 /* SecondViewController2.xib in Resources */ = {isa = PBXBuildFile; fileRef = C0622D1616157BED00111E54 /* SecondViewController2.xib */; };
		C0622D291616252200111E54 /* ThirdViewController.m in Sources */ = {isa = PBXBuildFile; fileRef = C0622D271616252100111E54 /* ThirdViewController.m */; };
		C0622D2A1616252200111E54 /* ThirdViewController.xib in Resources */ = {isa = PBXBuildFile; fileRef = C0622D281616252200111E54 /* ThirdViewController.xib */; };
		C0622D2E1616255B00111E54 /* FourthViewController.m in Sources */ = {isa = PBXBuildFile; fileRef = C0622D2C1616255A00111E54 /* FourthViewController.m */; };
		C0622D2F1616255B00111E54 /* FourthViewController.xib in Resources */ = {isa = PBXBuildFile; fileRef = C0622D2D1616255A00111E54 /* FourthViewController.xib */; };
		C08FE2E71622C91600680EB7 /* lifestyle_04.png in Resources */ = {isa = PBXBuildFile; fileRef = C08FE2E61622C91600680EB7 /* lifestyle_04.png */; };
		C08FE2F01622CAC600680EB7 /* delicious_02.png in Resources */ = {isa = PBXBuildFile; fileRef = C08FE2E81622CAC200680EB7 /* delicious_02.png */; };
		C08FE2F11622CAC600680EB7 /* delicious_04.png in Resources */ = {isa = PBXBuildFile; fileRef = C08FE2E91622CAC200680EB7 /* delicious_04.png */; };
		C08FE2F21622CAC600680EB7 /* delicious_05.png in Resources */ = {isa = PBXBuildFile; fileRef = C08FE2EA1622CAC300680EB7 /* delicious_05.png */; };
		C08FE2F31622CAC600680EB7 /* delicious1_02.png in Resources */ = {isa = PBXBuildFile; fileRef = C08FE2EB1622CAC300680EB7 /* delicious1_02.png */; };
		C08FE2F61622CAC600680EB7 /* lifestyle_02.png in Resources */ = {isa = PBXBuildFile; fileRef = C08FE2EE1622CAC500680EB7 /* lifestyle_02.png */; };
		C08FE2F71622CAC600680EB7 /* lifestyle_03.png in Resources */ = {isa = PBXBuildFile; fileRef = C08FE2EF1622CAC500680EB7 /* lifestyle_03.png */; };
		C08FE3031622CD2500680EB7 /* life__02.png in Resources */ = {isa = PBXBuildFile; fileRef = C08FE2FE1622CD2300680EB7 /* life__02.png */; };
		C08FE3041622CD2500680EB7 /* life__04.png in Resources */ = {isa = PBXBuildFile; fileRef = C08FE2FF1622CD2400680EB7 /* life__04.png */; };
		C08FE3051622CD2500680EB7 /* life__07.png in Resources */ = {isa = PBXBuildFile; fileRef = C08FE3001622CD2400680EB7 /* life__07.png */; };
		C08FE3061622CD2500680EB7 /* life__10.png in Resources */ = {isa = PBXBuildFile; fileRef = C08FE3011622CD2500680EB7 /* life__10.png */; };
		C08FE3071622CD2500680EB7 /* life__12.png in Resources */ = {isa = PBXBuildFile; fileRef = C08FE3021622CD2500680EB7 /* life__12.png */; };
		C08FE3091622CE6200680EB7 /* loading.png in Resources */ = {isa = PBXBuildFile; fileRef = C08FE3081622CE6100680EB7 /* loading.png */; };
		C08FE30D1622CF8B00680EB7 /* life_one_03.png in Resources */ = {isa = PBXBuildFile; fileRef = C08FE30C1622CF8B00680EB7 /* life_one_03.png */; };
		C08FE3111622D06400680EB7 /* life_3_03.png in Resources */ = {isa = PBXBuildFile; fileRef = C08FE3101622D06300680EB7 /* life_3_03.png */; };
		C08FE3171622D25600680EB7 /* life000_03.png in Resources */ = {isa = PBXBuildFile; fileRef = C08FE3141622D25300680EB7 /* life000_03.png */; };
		C08FE3181622D25600680EB7 /* life000_05.png in Resources */ = {isa = PBXBuildFile; fileRef = C08FE3151622D25300680EB7 /* life000_05.png */; };
		C08FE3191622D25600680EB7 /* life000_07.png in Resources */ = {isa = PBXBuildFile; fileRef = C08FE3161622D25500680EB7 /* life000_07.png */; };
		C08FE31D1622D28D00680EB7 /* weibo.png in Resources */ = {isa = PBXBuildFile; fileRef = C08FE31C1622D28C00680EB7 /* weibo.png */; };
		C08FE31F1622D2AE00680EB7 /* heart.png in Resources */ = {isa = PBXBuildFile; fileRef = C08FE31E1622D2AD00680EB7 /* heart.png */; };
		C08FE3211622D3BE00680EB7 /* plus.png in Resources */ = {isa = PBXBuildFile; fileRef = C08FE3201622D3BD00680EB7 /* plus.png */; };
		C08FE3231622D3EF00680EB7 /* 3j2.png in Resources */ = {isa = PBXBuildFile; fileRef = C08FE3221622D3EE00680EB7 /* 3j2.png */; };
		C08FE32A1622D55500680EB7 /* little_02.png in Resources */ = {isa = PBXBuildFile; fileRef = C08FE3241622D54E00680EB7 /* little_02.png */; };
		C08FE32B1622D55500680EB7 /* little_03.png in Resources */ = {isa = PBXBuildFile; fileRef = C08FE3251622D54F00680EB7 /* little_03.png */; };
		C08FE32C1622D55500680EB7 /* little_04.png in Resources */ = {isa = PBXBuildFile; fileRef = C08FE3261622D55000680EB7 /* little_04.png */; };
		C08FE32D1622D55500680EB7 /* little_05.png in Resources */ = {isa = PBXBuildFile; fileRef = C08FE3271622D55100680EB7 /* little_05.png */; };
		C08FE32E1622D55500680EB7 /* new_04.png in Resources */ = {isa = PBXBuildFile; fileRef = C08FE3281622D55200680EB7 /* new_04.png */; };
		C08FE32F1622D55500680EB7 /* new_02.png in Resources */ = {isa = PBXBuildFile; fileRef = C08FE3291622D55400680EB7 /* new_02.png */; };
		C08FE3311622D63900680EB7 /* hide.png in Resources */ = {isa = PBXBuildFile; fileRef = C08FE3301622D63800680EB7 /* hide.png */; };
		C08FE3351622D74500680EB7 /* share_w.png in Resources */ = {isa = PBXBuildFile; fileRef = C08FE3321622D74100680EB7 /* share_w.png */; };
		C08FE3361622D74500680EB7 /* share.png in Resources */ = {isa = PBXBuildFile; fileRef = C08FE3331622D74200680EB7 /* share.png */; };
		C08FE3371622D74500680EB7 /* add.png in Resources */ = {isa = PBXBuildFile; fileRef = C08FE3341622D74300680EB7 /* add.png */; };
		C08FE33D16234FD600680EB7 /* life0001_03.png in Resources */ = {isa = PBXBuildFile; fileRef = C08FE33C16234FD300680EB7 /* life0001_03.png */; };
		C08FE33F1623DDAC00680EB7 /* life_two_03.png in Resources */ = {isa = PBXBuildFile; fileRef = C08FE33E1623DDA100680EB7 /* life_two_03.png */; };
		C08FE3411623E15D00680EB7 /* life_one.png in Resources */ = {isa = PBXBuildFile; fileRef = C08FE3401623E15A00680EB7 /* life_one.png */; };
		C08FE3431623E18E00680EB7 /* 3j.png in Resources */ = {isa = PBXBuildFile; fileRef = C08FE3421623E18C00680EB7 /* 3j.png */; };
		C08FE3471623E49D00680EB7 /* share_02.png in Resources */ = {isa = PBXBuildFile; fileRef = C08FE3441623E49700680EB7 /* share_02.png */; };
		C08FE3481623E49D00680EB7 /* share_03.png in Resources */ = {isa = PBXBuildFile; fileRef = C08FE3451623E49900680EB7 /* share_03.png */; };
		C08FE3491623E49D00680EB7 /* share_04.png in Resources */ = {isa = PBXBuildFile; fileRef = C08FE3461623E49A00680EB7 /* share_04.png */; };
		C08FE34D1623E6B000680EB7 /* delicious32_04.png in Resources */ = {isa = PBXBuildFile; fileRef = C08FE34A1623E6AA00680EB7 /* delicious32_04.png */; };
		C08FE34E1623E6B000680EB7 /* delicious32_02.png in Resources */ = {isa = PBXBuildFile; fileRef = C08FE34B1623E6AC00680EB7 /* delicious32_02.png */; };
		C08FE34F1623E6B000680EB7 /* delicious32_05.png in Resources */ = {isa = PBXBuildFile; fileRef = C08FE34C1623E6AE00680EB7 /* delicious32_05.png */; };
		C08FE3531623E71B00680EB7 /* tab1.png in Resources */ = {isa = PBXBuildFile; fileRef = C08FE3501623E71500680EB7 /* tab1.png */; };
		C08FE3541623E71B00680EB7 /* tab2.png in Resources */ = {isa = PBXBuildFile; fileRef = C08FE3511623E71700680EB7 /* tab2.png */; };
		C08FE3551623E71B00680EB7 /* tab3.png in Resources */ = {isa = PBXBuildFile; fileRef = C08FE3521623E71900680EB7 /* tab3.png */; };
		C08FE3581623E7FA00680EB7 /* delicious1_05.png in Resources */ = {isa = PBXBuildFile; fileRef = C08FE3561623E7F600680EB7 /* delicious1_05.png */; };
		C08FE3591623E7FA00680EB7 /* delicious1_04.png in Resources */ = {isa = PBXBuildFile; fileRef = C08FE3571623E7F800680EB7 /* delicious1_04.png */; };
		C08FE35D1623EF5000680EB7 /* icon02.png in Resources */ = {isa = PBXBuildFile; fileRef = C08FE35A1623EF4900680EB7 /* icon02.png */; };
		C08FE35E1623EF5000680EB7 /* icon01.png in Resources */ = {isa = PBXBuildFile; fileRef = C08FE35B1623EF4B00680EB7 /* icon01.png */; };
		C08FE35F1623EF5000680EB7 /* fo.png in Resources */ = {isa = PBXBuildFile; fileRef = C08FE35C1623EF4D00680EB7 /* fo.png */; };
		C08FE3631623EF9000680EB7 /* WeiboViewController.m in Sources */ = {isa = PBXBuildFile; fileRef = C08FE3611623EF8C00680EB7 /* WeiboViewController.m */; };
		C08FE3641623EF9000680EB7 /* WeiboViewController.xib in Resources */ = {isa = PBXBuildFile; fileRef = C08FE3621623EF8F00680EB7 /* WeiboViewController.xib */; };
		C08FE3661623F1E700680EB7 /* de.png in Resources */ = {isa = PBXBuildFile; fileRef = C08FE3651623F1E500680EB7 /* de.png */; };
/* End PBXBuildFile section */

/* Begin PBXFileReference section */
		C0622CE916157BED00111E54 /* Haitong.app */ = {isa = PBXFileReference; explicitFileType = wrapper.application; includeInIndex = 0; path = Haitong.app; sourceTree = BUILT_PRODUCTS_DIR; };
		C0622CED16157BED00111E54 /* UIKit.framework */ = {isa = PBXFileReference; lastKnownFileType = wrapper.framework; name = UIKit.framework; path = System/Library/Frameworks/UIKit.framework; sourceTree = SDKROOT; };
		C0622CEF16157BED00111E54 /* Foundation.framework */ = {isa = PBXFileReference; lastKnownFileType = wrapper.framework; name = Foundation.framework; path = System/Library/Frameworks/Foundation.framework; sourceTree = SDKROOT; };
		C0622CF116157BED00111E54 /* CoreGraphics.framework */ = {isa = PBXFileReference; lastKnownFileType = wrapper.framework; name = CoreGraphics.framework; path = System/Library/Frameworks/CoreGraphics.framework; sourceTree = SDKROOT; };
		C0622CF516157BED00111E54 /* Haitong-Info.plist */ = {isa = PBXFileReference; lastKnownFileType = text.plist.xml; path = "Haitong-Info.plist"; sourceTree = "<group>"; };
		C0622CF716157BED00111E54 /* en */ = {isa = PBXFileReference; lastKnownFileType = text.plist.strings; name = en; path = en.lproj/InfoPlist.strings; sourceTree = "<group>"; };
		C0622CF916157BED00111E54 /* main.m */ = {isa = PBXFileReference; lastKnownFileType = sourcecode.c.objc; path = main.m; sourceTree = "<group>"; };
		C0622CFB16157BED00111E54 /* Haitong-Prefix.pch */ = {isa = PBXFileReference; lastKnownFileType = sourcecode.c.h; path = "Haitong-Prefix.pch"; sourceTree = "<group>"; };
		C0622CFC16157BED00111E54 /* AppDelegate.h */ = {isa = PBXFileReference; lastKnownFileType = sourcecode.c.h; path = AppDelegate.h; sourceTree = "<group>"; };
		C0622CFD16157BED00111E54 /* AppDelegate.m */ = {isa = PBXFileReference; lastKnownFileType = sourcecode.c.objc; path = AppDelegate.m; sourceTree = "<group>"; };
		C0622CFF16157BED00111E54 /* Default.png */ = {isa = PBXFileReference; lastKnownFileType = image.png; path = Default.png; sourceTree = "<group>"; };
		C0622D0116157BED00111E54 /* Default@2x.png */ = {isa = PBXFileReference; lastKnownFileType = image.png; path = "Default@2x.png"; sourceTree = "<group>"; };
		C0622D0316157BED00111E54 /* Default-568h@2x.png */ = {isa = PBXFileReference; lastKnownFileType = image.png; path = "Default-568h@2x.png"; sourceTree = "<group>"; };
		C0622D0516157BED00111E54 /* FirstViewController.h */ = {isa = PBXFileReference; lastKnownFileType = sourcecode.c.h; path = FirstViewController.h; sourceTree = "<group>"; };
		C0622D0616157BED00111E54 /* FirstViewController.m */ = {isa = PBXFileReference; lastKnownFileType = sourcecode.c.objc; path = FirstViewController.m; sourceTree = "<group>"; };
		C0622D0C16157BED00111E54 /* SecondViewController.h */ = {isa = PBXFileReference; lastKnownFileType = sourcecode.c.h; path = SecondViewController.h; sourceTree = "<group>"; };
		C0622D0D16157BED00111E54 /* SecondViewController.m */ = {isa = PBXFileReference; lastKnownFileType = sourcecode.c.objc; path = SecondViewController.m; sourceTree = "<group>"; };
		C0622D1416157BED00111E54 /* en */ = {isa = PBXFileReference; lastKnownFileType = file.xib; name = en; path = en.lproj/FirstViewController1.xib; sourceTree = "<group>"; };
		C0622D1716157BED00111E54 /* en */ = {isa = PBXFileReference; lastKnownFileType = file.xib; name = en; path = en.lproj/SecondViewController2.xib; sourceTree = "<group>"; };
		C0622D261616252100111E54 /* ThirdViewController.h */ = {isa = PBXFileReference; fileEncoding = 4; lastKnownFileType = sourcecode.c.h; path = ThirdViewController.h; sourceTree = "<group>"; };
		C0622D271616252100111E54 /* ThirdViewController.m */ = {isa = PBXFileReference; fileEncoding = 4; lastKnownFileType = sourcecode.c.objc; path = ThirdViewController.m; sourceTree = "<group>"; };
		C0622D281616252200111E54 /* ThirdViewController.xib */ = {isa = PBXFileReference; fileEncoding = 4; lastKnownFileType = file.xib; path = ThirdViewController.xib; sourceTree = "<group>"; };
		C0622D2B1616255A00111E54 /* FourthViewController.h */ = {isa = PBXFileReference; fileEncoding = 4; lastKnownFileType = sourcecode.c.h; path = FourthViewController.h; sourceTree = "<group>"; };
		C0622D2C1616255A00111E54 /* FourthViewController.m */ = {isa = PBXFileReference; fileEncoding = 4; lastKnownFileType = sourcecode.c.objc; path = FourthViewController.m; sourceTree = "<group>"; };
		C0622D2D1616255A00111E54 /* FourthViewController.xib */ = {isa = PBXFileReference; fileEncoding = 4; lastKnownFileType = file.xib; path = FourthViewController.xib; sourceTree = "<group>"; };
		C08FE2E61622C91600680EB7 /* lifestyle_04.png */ = {isa = PBXFileReference; lastKnownFileType = image.png; path = lifestyle_04.png; sourceTree = "<group>"; };
		C08FE2E81622CAC200680EB7 /* delicious_02.png */ = {isa = PBXFileReference; lastKnownFileType = image.png; path = delicious_02.png; sourceTree = "<group>"; };
		C08FE2E91622CAC200680EB7 /* delicious_04.png */ = {isa = PBXFileReference; lastKnownFileType = image.png; path = delicious_04.png; sourceTree = "<group>"; };
		C08FE2EA1622CAC300680EB7 /* delicious_05.png */ = {isa = PBXFileReference; lastKnownFileType = image.png; path = delicious_05.png; sourceTree = "<group>"; };
		C08FE2EB1622CAC300680EB7 /* delicious1_02.png */ = {isa = PBXFileReference; lastKnownFileType = image.png; path = delicious1_02.png; sourceTree = "<group>"; };
		C08FE2EE1622CAC500680EB7 /* lifestyle_02.png */ = {isa = PBXFileReference; lastKnownFileType = image.png; path = lifestyle_02.png; sourceTree = "<group>"; };
		C08FE2EF1622CAC500680EB7 /* lifestyle_03.png */ = {isa = PBXFileReference; lastKnownFileType = image.png; path = lifestyle_03.png; sourceTree = "<group>"; };
		C08FE2FE1622CD2300680EB7 /* life__02.png */ = {isa = PBXFileReference; lastKnownFileType = image.png; path = life__02.png; sourceTree = "<group>"; };
		C08FE2FF1622CD2400680EB7 /* life__04.png */ = {isa = PBXFileReference; lastKnownFileType = image.png; path = life__04.png; sourceTree = "<group>"; };
		C08FE3001622CD2400680EB7 /* life__07.png */ = {isa = PBXFileReference; lastKnownFileType = image.png; path = life__07.png; sourceTree = "<group>"; };
		C08FE3011622CD2500680EB7 /* life__10.png */ = {isa = PBXFileReference; lastKnownFileType = image.png; path = life__10.png; sourceTree = "<group>"; };
		C08FE3021622CD2500680EB7 /* life__12.png */ = {isa = PBXFileReference; lastKnownFileType = image.png; path = life__12.png; sourceTree = "<group>"; };
		C08FE3081622CE6100680EB7 /* loading.png */ = {isa = PBXFileReference; lastKnownFileType = image.png; path = loading.png; sourceTree = "<group>"; };
		C08FE30C1622CF8B00680EB7 /* life_one_03.png */ = {isa = PBXFileReference; lastKnownFileType = image.png; path = life_one_03.png; sourceTree = "<group>"; };
		C08FE3101622D06300680EB7 /* life_3_03.png */ = {isa = PBXFileReference; lastKnownFileType = image.png; path = life_3_03.png; sourceTree = "<group>"; };
		C08FE3141622D25300680EB7 /* life000_03.png */ = {isa = PBXFileReference; lastKnownFileType = image.png; path = life000_03.png; sourceTree = "<group>"; };
		C08FE3151622D25300680EB7 /* life000_05.png */ = {isa = PBXFileReference; lastKnownFileType = image.png; path = life000_05.png; sourceTree = "<group>"; };
		C08FE3161622D25500680EB7 /* life000_07.png */ = {isa = PBXFileReference; lastKnownFileType = image.png; path = life000_07.png; sourceTree = "<group>"; };
		C08FE31C1622D28C00680EB7 /* weibo.png */ = {isa = PBXFileReference; lastKnownFileType = image.png; path = weibo.png; sourceTree = "<group>"; };
		C08FE31E1622D2AD00680EB7 /* heart.png */ = {isa = PBXFileReference; lastKnownFileType = image.png; path = heart.png; sourceTree = "<group>"; };
		C08FE3201622D3BD00680EB7 /* plus.png */ = {isa = PBXFileReference; lastKnownFileType = image.png; path = plus.png; sourceTree = "<group>"; };
		C08FE3221622D3EE00680EB7 /* 3j2.png */ = {isa = PBXFileReference; lastKnownFileType = image.png; path = 3j2.png; sourceTree = "<group>"; };
		C08FE3241622D54E00680EB7 /* little_02.png */ = {isa = PBXFileReference; lastKnownFileType = image.png; path = little_02.png; sourceTree = "<group>"; };
		C08FE3251622D54F00680EB7 /* little_03.png */ = {isa = PBXFileReference; lastKnownFileType = image.png; path = little_03.png; sourceTree = "<group>"; };
		C08FE3261622D55000680EB7 /* little_04.png */ = {isa = PBXFileReference; lastKnownFileType = image.png; path = little_04.png; sourceTree = "<group>"; };
		C08FE3271622D55100680EB7 /* little_05.png */ = {isa = PBXFileReference; lastKnownFileType = image.png; path = little_05.png; sourceTree = "<group>"; };
		C08FE3281622D55200680EB7 /* new_04.png */ = {isa = PBXFileReference; lastKnownFileType = image.png; path = new_04.png; sourceTree = "<group>"; };
		C08FE3291622D55400680EB7 /* new_02.png */ = {isa = PBXFileReference; lastKnownFileType = image.png; path = new_02.png; sourceTree = "<group>"; };
		C08FE3301622D63800680EB7 /* hide.png */ = {isa = PBXFileReference; lastKnownFileType = image.png; path = hide.png; sourceTree = "<group>"; };
		C08FE3321622D74100680EB7 /* share_w.png */ = {isa = PBXFileReference; lastKnownFileType = image.png; path = share_w.png; sourceTree = "<group>"; };
		C08FE3331622D74200680EB7 /* share.png */ = {isa = PBXFileReference; lastKnownFileType = image.png; path = share.png; sourceTree = "<group>"; };
		C08FE3341622D74300680EB7 /* add.png */ = {isa = PBXFileReference; lastKnownFileType = image.png; path = add.png; sourceTree = "<group>"; };
		C08FE33C16234FD300680EB7 /* life0001_03.png */ = {isa = PBXFileReference; lastKnownFileType = image.png; path = life0001_03.png; sourceTree = "<group>"; };
		C08FE33E1623DDA100680EB7 /* life_two_03.png */ = {isa = PBXFileReference; lastKnownFileType = image.png; path = life_two_03.png; sourceTree = "<group>"; };
		C08FE3401623E15A00680EB7 /* life_one.png */ = {isa = PBXFileReference; lastKnownFileType = image.png; path = life_one.png; sourceTree = "<group>"; };
		C08FE3421623E18C00680EB7 /* 3j.png */ = {isa = PBXFileReference; lastKnownFileType = image.png; path = 3j.png; sourceTree = "<group>"; };
		C08FE3441623E49700680EB7 /* share_02.png */ = {isa = PBXFileReference; lastKnownFileType = image.png; path = share_02.png; sourceTree = "<group>"; };
		C08FE3451623E49900680EB7 /* share_03.png */ = {isa = PBXFileReference; lastKnownFileType = image.png; path = share_03.png; sourceTree = "<group>"; };
		C08FE3461623E49A00680EB7 /* share_04.png */ = {isa = PBXFileReference; lastKnownFileType = image.png; path = share_04.png; sourceTree = "<group>"; };
		C08FE34A1623E6AA00680EB7 /* delicious32_04.png */ = {isa = PBXFileReference; lastKnownFileType = image.png; path = delicious32_04.png; sourceTree = "<group>"; };
		C08FE34B1623E6AC00680EB7 /* delicious32_02.png */ = {isa = PBXFileReference; lastKnownFileType = image.png; path = delicious32_02.png; sourceTree = "<group>"; };
		C08FE34C1623E6AE00680EB7 /* delicious32_05.png */ = {isa = PBXFileReference; lastKnownFileType = image.png; path = delicious32_05.png; sourceTree = "<group>"; };
		C08FE3501623E71500680EB7 /* tab1.png */ = {isa = PBXFileReference; lastKnownFileType = image.png; path = tab1.png; sourceTree = "<group>"; };
		C08FE3511623E71700680EB7 /* tab2.png */ = {isa = PBXFileReference; lastKnownFileType = image.png; path = tab2.png; sourceTree = "<group>"; };
		C08FE3521623E71900680EB7 /* tab3.png */ = {isa = PBXFileReference; lastKnownFileType = image.png; path = tab3.png; sourceTree = "<group>"; };
		C08FE3561623E7F600680EB7 /* delicious1_05.png */ = {isa = PBXFileReference; lastKnownFileType = image.png; path = delicious1_05.png; sourceTree = "<group>"; };
		C08FE3571623E7F800680EB7 /* delicious1_04.png */ = {isa = PBXFileReference; lastKnownFileType = image.png; path = delicious1_04.png; sourceTree = "<group>"; };
		C08FE35A1623EF4900680EB7 /* icon02.png */ = {isa = PBXFileReference; lastKnownFileType = image.png; path = icon02.png; sourceTree = "<group>"; };
		C08FE35B1623EF4B00680EB7 /* icon01.png */ = {isa = PBXFileReference; lastKnownFileType = image.png; path = icon01.png; sourceTree = "<group>"; };
		C08FE35C1623EF4D00680EB7 /* fo.png */ = {isa = PBXFileReference; lastKnownFileType = image.png; path = fo.png; sourceTree = "<group>"; };
		C08FE3601623EF8B00680EB7 /* WeiboViewController.h */ = {isa = PBXFileReference; fileEncoding = 4; lastKnownFileType = sourcecode.c.h; path = WeiboViewController.h; sourceTree = "<group>"; };
		C08FE3611623EF8C00680EB7 /* WeiboViewController.m */ = {isa = PBXFileReference; fileEncoding = 4; lastKnownFileType = sourcecode.c.objc; path = WeiboViewController.m; sourceTree = "<group>"; };
		C08FE3621623EF8F00680EB7 /* WeiboViewController.xib */ = {isa = PBXFileReference; fileEncoding = 4; lastKnownFileType = file.xib; path = WeiboViewController.xib; sourceTree = "<group>"; };
		C08FE3651623F1E500680EB7 /* de.png */ = {isa = PBXFileReference; lastKnownFileType = image.png; path = de.png; sourceTree = "<group>"; };
/* End PBXFileReference section */

/* Begin PBXFrameworksBuildPhase section */
		C0622CE616157BED00111E54 /* Frameworks */ = {
			isa = PBXFrameworksBuildPhase;
			buildActionMask = 2147483647;
			files = (
				C0622CEE16157BED00111E54 /* UIKit.framework in Frameworks */,
				C0622CF016157BED00111E54 /* Foundation.framework in Frameworks */,
				C0622CF216157BED00111E54 /* CoreGraphics.framework in Frameworks */,
			);
			runOnlyForDeploymentPostprocessing = 0;
		};
/* End PBXFrameworksBuildPhase section */

/* Begin PBXGroup section */
		C0622CDE16157BED00111E54 = {
			isa = PBXGroup;
			children = (
				C0622CF316157BED00111E54 /* Haitong */,
				C0622CEC16157BED00111E54 /* Frameworks */,
				C0622CEA16157BED00111E54 /* Products */,
			);
			sourceTree = "<group>";
		};
		C0622CEA16157BED00111E54 /* Products */ = {
			isa = PBXGroup;
			children = (
				C0622CE916157BED00111E54 /* Haitong.app */,
			);
			name = Products;
			sourceTree = "<group>";
		};
		C0622CEC16157BED00111E54 /* Frameworks */ = {
			isa = PBXGroup;
			children = (
				C0622CED16157BED00111E54 /* UIKit.framework */,
				C0622CEF16157BED00111E54 /* Foundation.framework */,
				C0622CF116157BED00111E54 /* CoreGraphics.framework */,
			);
			name = Frameworks;
			sourceTree = "<group>";
		};
		C0622CF316157BED00111E54 /* Haitong */ = {
			isa = PBXGroup;
			children = (
				C0622CFC16157BED00111E54 /* AppDelegate.h */,
				C0622CFD16157BED00111E54 /* AppDelegate.m */,
				C0622D0516157BED00111E54 /* FirstViewController.h */,
				C0622D0616157BED00111E54 /* FirstViewController.m */,
				C0622D1316157BED00111E54 /* FirstViewController1.xib */,
				C0622D0C16157BED00111E54 /* SecondViewController.h */,
				C0622D0D16157BED00111E54 /* SecondViewController.m */,
				C0622D1616157BED00111E54 /* SecondViewController2.xib */,
				C0622D261616252100111E54 /* ThirdViewController.h */,
				C0622D271616252100111E54 /* ThirdViewController.m */,
				C0622D281616252200111E54 /* ThirdViewController.xib */,
				C0622D2B1616255A00111E54 /* FourthViewController.h */,
				C0622D2C1616255A00111E54 /* FourthViewController.m */,
				C0622D2D1616255A00111E54 /* FourthViewController.xib */,
				C08FE3601623EF8B00680EB7 /* WeiboViewController.h */,
				C08FE3611623EF8C00680EB7 /* WeiboViewController.m */,
				C08FE3621623EF8F00680EB7 /* WeiboViewController.xib */,
				C0622CF416157BED00111E54 /* Supporting Files */,
			);
			path = Haitong;
			sourceTree = "<group>";
		};
		C0622CF416157BED00111E54 /* Supporting Files */ = {
			isa = PBXGroup;
			children = (
				C08FE3651623F1E500680EB7 /* de.png */,
				C08FE35A1623EF4900680EB7 /* icon02.png */,
				C08FE35B1623EF4B00680EB7 /* icon01.png */,
				C08FE35C1623EF4D00680EB7 /* fo.png */,
				C08FE3501623E71500680EB7 /* tab1.png */,
				C08FE3511623E71700680EB7 /* tab2.png */,
				C08FE3521623E71900680EB7 /* tab3.png */,
				C08FE3441623E49700680EB7 /* share_02.png */,
				C08FE3451623E49900680EB7 /* share_03.png */,
				C08FE3461623E49A00680EB7 /* share_04.png */,
				C08FE3321622D74100680EB7 /* share_w.png */,
				C08FE3331622D74200680EB7 /* share.png */,
				C08FE3341622D74300680EB7 /* add.png */,
				C08FE3301622D63800680EB7 /* hide.png */,
				C08FE3241622D54E00680EB7 /* little_02.png */,
				C08FE3251622D54F00680EB7 /* little_03.png */,
				C08FE3261622D55000680EB7 /* little_04.png */,
				C08FE3401623E15A00680EB7 /* life_one.png */,
				C08FE3271622D55100680EB7 /* little_05.png */,
				C08FE34A1623E6AA00680EB7 /* delicious32_04.png */,
				C08FE34B1623E6AC00680EB7 /* delicious32_02.png */,
				C08FE34C1623E6AE00680EB7 /* delicious32_05.png */,
				C08FE3281622D55200680EB7 /* new_04.png */,
				C08FE3421623E18C00680EB7 /* 3j.png */,
				C08FE3221622D3EE00680EB7 /* 3j2.png */,
				C08FE3201622D3BD00680EB7 /* plus.png */,
				C08FE31E1622D2AD00680EB7 /* heart.png */,
				C08FE31C1622D28C00680EB7 /* weibo.png */,
				C08FE3141622D25300680EB7 /* life000_03.png */,
				C08FE33C16234FD300680EB7 /* life0001_03.png */,
				C08FE3151622D25300680EB7 /* life000_05.png */,
				C08FE3161622D25500680EB7 /* life000_07.png */,
				C08FE3291622D55400680EB7 /* new_02.png */,
				C08FE3101622D06300680EB7 /* life_3_03.png */,
				C08FE30C1622CF8B00680EB7 /* life_one_03.png */,
				C08FE33E1623DDA100680EB7 /* life_two_03.png */,
				C08FE3081622CE6100680EB7 /* loading.png */,
				C08FE2FE1622CD2300680EB7 /* life__02.png */,
				C08FE2FF1622CD2400680EB7 /* life__04.png */,
				C08FE3001622CD2400680EB7 /* life__07.png */,
				C08FE3011622CD2500680EB7 /* life__10.png */,
				C08FE3021622CD2500680EB7 /* life__12.png */,
				C08FE2E81622CAC200680EB7 /* delicious_02.png */,
				C08FE2E91622CAC200680EB7 /* delicious_04.png */,
				C08FE2EA1622CAC300680EB7 /* delicious_05.png */,
				C08FE2EB1622CAC300680EB7 /* delicious1_02.png */,
				C08FE3561623E7F600680EB7 /* delicious1_05.png */,
				C08FE3571623E7F800680EB7 /* delicious1_04.png */,
				C08FE2EE1622CAC500680EB7 /* lifestyle_02.png */,
				C08FE2EF1622CAC500680EB7 /* lifestyle_03.png */,
				C08FE2E61622C91600680EB7 /* lifestyle_04.png */,
				C0622CF516157BED00111E54 /* Haitong-Info.plist */,
				C0622CF616157BED00111E54 /* InfoPlist.strings */,
				C0622CF916157BED00111E54 /* main.m */,
				C0622CFB16157BED00111E54 /* Haitong-Prefix.pch */,
				C0622CFF16157BED00111E54 /* Default.png */,
				C0622D0116157BED00111E54 /* Default@2x.png */,
				C0622D0316157BED00111E54 /* Default-568h@2x.png */,
			);
			name = "Supporting Files";
			sourceTree = "<group>";
		};
/* End PBXGroup section */

/* Begin PBXNativeTarget section */
		C0622CE816157BED00111E54 /* Haitong */ = {
			isa = PBXNativeTarget;
			buildConfigurationList = C0622D1B16157BED00111E54 /* Build configuration list for PBXNativeTarget "Haitong" */;
			buildPhases = (
				C0622CE516157BED00111E54 /* Sources */,
				C0622CE616157BED00111E54 /* Frameworks */,
				C0622CE716157BED00111E54 /* Resources */,
			);
			buildRules = (
			);
			dependencies = (
			);
			name = Haitong;
			productName = Haitong;
			productReference = C0622CE916157BED00111E54 /* Haitong.app */;
			productType = "com.apple.product-type.application";
		};
/* End PBXNativeTarget section */

/* Begin PBXProject section */
		C0622CE016157BED00111E54 /* Project object */ = {
			isa = PBXProject;
			attributes = {
				LastUpgradeCheck = 0450;
				ORGANIZATIONNAME = Myth;
			};
			buildConfigurationList = C0622CE316157BED00111E54 /* Build configuration list for PBXProject "Haitong" */;
			compatibilityVersion = "Xcode 3.2";
			developmentRegion = English;
			hasScannedForEncodings = 0;
			knownRegions = (
				en,
			);
			mainGroup = C0622CDE16157BED00111E54;
			productRefGroup = C0622CEA16157BED00111E54 /* Products */;
			projectDirPath = "";
			projectRoot = "";
			targets = (
				C0622CE816157BED00111E54 /* Haitong */,
			);
		};
/* End PBXProject section */

/* Begin PBXResourcesBuildPhase section */
		C0622CE716157BED00111E54 /* Resources */ = {
			isa = PBXResourcesBuildPhase;
			buildActionMask = 2147483647;
			files = (
				C0622CF816157BED00111E54 /* InfoPlist.strings in Resources */,
				C0622D0016157BED00111E54 /* Default.png in Resources */,
				C0622D0216157BED00111E54 /* Default@2x.png in Resources */,
				C0622D0416157BED00111E54 /* Default-568h@2x.png in Resources */,
				C0622D1516157BED00111E54 /* FirstViewController1.xib in Resources */,
				C0622D1816157BED00111E54 /* SecondViewController2.xib in Resources */,
				C0622D2A1616252200111E54 /* ThirdViewController.xib in Resources */,
				C0622D2F1616255B00111E54 /* FourthViewController.xib in Resources */,
				C08FE2E71622C91600680EB7 /* lifestyle_04.png in Resources */,
				C08FE2F01622CAC600680EB7 /* delicious_02.png in Resources */,
				C08FE2F11622CAC600680EB7 /* delicious_04.png in Resources */,
				C08FE2F21622CAC600680EB7 /* delicious_05.png in Resources */,
				C08FE2F31622CAC600680EB7 /* delicious1_02.png in Resources */,
				C08FE2F61622CAC600680EB7 /* lifestyle_02.png in Resources */,
				C08FE2F71622CAC600680EB7 /* lifestyle_03.png in Resources */,
				C08FE3031622CD2500680EB7 /* life__02.png in Resources */,
				C08FE3041622CD2500680EB7 /* life__04.png in Resources */,
				C08FE3051622CD2500680EB7 /* life__07.png in Resources */,
				C08FE3061622CD2500680EB7 /* life__10.png in Resources */,
				C08FE3071622CD2500680EB7 /* life__12.png in Resources */,
				C08FE3091622CE6200680EB7 /* loading.png in Resources */,
				C08FE30D1622CF8B00680EB7 /* life_one_03.png in Resources */,
				C08FE3111622D06400680EB7 /* life_3_03.png in Resources */,
				C08FE3171622D25600680EB7 /* life000_03.png in Resources */,
				C08FE3181622D25600680EB7 /* life000_05.png in Resources */,
				C08FE3191622D25600680EB7 /* life000_07.png in Resources */,
				C08FE31D1622D28D00680EB7 /* weibo.png in Resources */,
				C08FE31F1622D2AE00680EB7 /* heart.png in Resources */,
				C08FE3211622D3BE00680EB7 /* plus.png in Resources */,
				C08FE3231622D3EF00680EB7 /* 3j2.png in Resources */,
				C08FE32A1622D55500680EB7 /* little_02.png in Resources */,
				C08FE32B1622D55500680EB7 /* little_03.png in Resources */,
				C08FE32C1622D55500680EB7 /* little_04.png in Resources */,
				C08FE32D1622D55500680EB7 /* little_05.png in Resources */,
				C08FE32E1622D55500680EB7 /* new_04.png in Resources */,
				C08FE32F1622D55500680EB7 /* new_02.png in Resources */,
				C08FE3311622D63900680EB7 /* hide.png in Resources */,
				C08FE3351622D74500680EB7 /* share_w.png in Resources */,
				C08FE3361622D74500680EB7 /* share.png in Resources */,
				C08FE3371622D74500680EB7 /* add.png in Resources */,
				C08FE33D16234FD600680EB7 /* life0001_03.png in Resources */,
				C08FE33F1623DDAC00680EB7 /* life_two_03.png in Resources */,
				C08FE3411623E15D00680EB7 /* life_one.png in Resources */,
				C08FE3431623E18E00680EB7 /* 3j.png in Resources */,
				C08FE3471623E49D00680EB7 /* share_02.png in Resources */,
				C08FE3481623E49D00680EB7 /* share_03.png in Resources */,
				C08FE3491623E49D00680EB7 /* share_04.png in Resources */,
				C08FE34D1623E6B000680EB7 /* delicious32_04.png in Resources */,
				C08FE34E1623E6B000680EB7 /* delicious32_02.png in Resources */,
				C08FE34F1623E6B000680EB7 /* delicious32_05.png in Resources */,
				C08FE3531623E71B00680EB7 /* tab1.png in Resources */,
				C08FE3541623E71B00680EB7 /* tab2.png in Resources */,
				C08FE3551623E71B00680EB7 /* tab3.png in Resources */,
				C08FE3581623E7FA00680EB7 /* delicious1_05.png in Resources */,
				C08FE3591623E7FA00680EB7 /* delicious1_04.png in Resources */,
				C08FE35D1623EF5000680EB7 /* icon02.png in Resources */,
				C08FE35E1623EF5000680EB7 /* icon01.png in Resources */,
				C08FE35F1623EF5000680EB7 /* fo.png in Resources */,
				C08FE3641623EF9000680EB7 /* WeiboViewController.xib in Resources */,
				C08FE3661623F1E700680EB7 /* de.png in Resources */,
			);
			runOnlyForDeploymentPostprocessing = 0;
		};
/* End PBXResourcesBuildPhase section */

/* Begin PBXSourcesBuildPhase section */
		C0622CE516157BED00111E54 /* Sources */ = {
			isa = PBXSourcesBuildPhase;
			buildActionMask = 2147483647;
			files = (
				C0622CFA16157BED00111E54 /* main.m in Sources */,
				C0622CFE16157BED00111E54 /* AppDelegate.m in Sources */,
				C0622D0716157BED00111E54 /* FirstViewController.m in Sources */,
				C0622D0E16157BED00111E54 /* SecondViewController.m in Sources */,
				C0622D291616252200111E54 /* ThirdViewController.m in Sources */,
				C0622D2E1616255B00111E54 /* FourthViewController.m in Sources */,
				C08FE3631623EF9000680EB7 /* WeiboViewController.m in Sources */,
			);
			runOnlyForDeploymentPostprocessing = 0;
		};
/* End PBXSourcesBuildPhase section */

/* Begin PBXVariantGroup section */
		C0622CF616157BED00111E54 /* InfoPlist.strings */ = {
			isa = PBXVariantGroup;
			children = (
				C0622CF716157BED00111E54 /* en */,
			);
			name = InfoPlist.strings;
			sourceTree = "<group>";
		};
		C0622D1316157BED00111E54 /* FirstViewController1.xib */ = {
			isa = PBXVariantGroup;
			children = (
				C0622D1416157BED00111E54 /* en */,
			);
			name = FirstViewController1.xib;
			sourceTree = "<group>";
		};
		C0622D1616157BED00111E54 /* SecondViewController2.xib */ = {
			isa = PBXVariantGroup;
			children = (
				C0622D1716157BED00111E54 /* en */,
			);
			name = SecondViewController2.xib;
			sourceTree = "<group>";
		};
/* End PBXVariantGroup section */

/* Begin XCBuildConfiguration section */
		C0622D1916157BED00111E54 /* Debug */ = {
			isa = XCBuildConfiguration;
			buildSettings = {
				ALWAYS_SEARCH_USER_PATHS = NO;
				CLANG_CXX_LANGUAGE_STANDARD = "gnu++0x";
				CLANG_CXX_LIBRARY = "libc++";
				CLANG_ENABLE_OBJC_ARC = YES;
				CLANG_WARN_EMPTY_BODY = YES;
				CLANG_WARN__DUPLICATE_METHOD_MATCH = YES;
				CODE_SIGN_IDENTITY = "iPhone Developer: Haoyang Zhu (R2RSGND58Z)";
				"CODE_SIGN_IDENTITY[sdk=iphoneos*]" = "iPhone Developer: Haoyang Zhu (R2RSGND58Z)";
				COPY_PHASE_STRIP = NO;
				GCC_C_LANGUAGE_STANDARD = gnu99;
				GCC_DYNAMIC_NO_PIC = NO;
				GCC_OPTIMIZATION_LEVEL = 0;
				GCC_PREPROCESSOR_DEFINITIONS = (
					"DEBUG=1",
					"$(inherited)",
				);
				GCC_SYMBOLS_PRIVATE_EXTERN = NO;
				GCC_WARN_ABOUT_RETURN_TYPE = YES;
				GCC_WARN_UNINITIALIZED_AUTOS = YES;
				GCC_WARN_UNUSED_VARIABLE = YES;
				IPHONEOS_DEPLOYMENT_TARGET = 6.0;
				PROVISIONING_PROFILE = "E7A61D98-D64A-4C1B-859B-DAE086FAA6CD";
				"PROVISIONING_PROFILE[sdk=iphoneos*]" = "E7A61D98-D64A-4C1B-859B-DAE086FAA6CD";
				SDKROOT = iphoneos;
				TARGETED_DEVICE_FAMILY = 2;
			};
			name = Debug;
		};
		C0622D1A16157BED00111E54 /* Release */ = {
			isa = XCBuildConfiguration;
			buildSettings = {
				ALWAYS_SEARCH_USER_PATHS = NO;
				CLANG_CXX_LANGUAGE_STANDARD = "gnu++0x";
				CLANG_CXX_LIBRARY = "libc++";
				CLANG_ENABLE_OBJC_ARC = YES;
				CLANG_WARN_EMPTY_BODY = YES;
				CLANG_WARN__DUPLICATE_METHOD_MATCH = YES;
				CODE_SIGN_IDENTITY = "iPhone Developer: Haoyang Zhu (R2RSGND58Z)";
				"CODE_SIGN_IDENTITY[sdk=iphoneos*]" = "iPhone Developer: Haoyang Zhu (R2RSGND58Z)";
				COPY_PHASE_STRIP = YES;
				GCC_C_LANGUAGE_STANDARD = gnu99;
				GCC_WARN_ABOUT_RETURN_TYPE = YES;
				GCC_WARN_UNINITIALIZED_AUTOS = YES;
				GCC_WARN_UNUSED_VARIABLE = YES;
				IPHONEOS_DEPLOYMENT_TARGET = 6.0;
				OTHER_CFLAGS = "-DNS_BLOCK_ASSERTIONS=1";
				PROVISIONING_PROFILE = "E7A61D98-D64A-4C1B-859B-DAE086FAA6CD";
				"PROVISIONING_PROFILE[sdk=iphoneos*]" = "E7A61D98-D64A-4C1B-859B-DAE086FAA6CD";
				SDKROOT = iphoneos;
				TARGETED_DEVICE_FAMILY = 2;
				VALIDATE_PRODUCT = YES;
			};
			name = Release;
		};
		C0622D1C16157BED00111E54 /* Debug */ = {
			isa = XCBuildConfiguration;
			buildSettings = {
				CODE_SIGN_IDENTITY = "iPhone Developer: Haoyang Zhu (R2RSGND58Z)";
				"CODE_SIGN_IDENTITY[sdk=iphoneos*]" = "iPhone Developer: Haoyang Zhu (R2RSGND58Z)";
				GCC_PRECOMPILE_PREFIX_HEADER = YES;
				GCC_PREFIX_HEADER = "Haitong/Haitong-Prefix.pch";
				INFOPLIST_FILE = "Haitong/Haitong-Info.plist";
				PRODUCT_NAME = "$(TARGET_NAME)";
				PROVISIONING_PROFILE = "E7A61D98-D64A-4C1B-859B-DAE086FAA6CD";
				"PROVISIONING_PROFILE[sdk=iphoneos*]" = "E7A61D98-D64A-4C1B-859B-DAE086FAA6CD";
				WRAPPER_EXTENSION = app;
			};
			name = Debug;
		};
		C0622D1D16157BED00111E54 /* Release */ = {
			isa = XCBuildConfiguration;
			buildSettings = {
				CODE_SIGN_IDENTITY = "iPhone Developer: Haoyang Zhu (R2RSGND58Z)";
				"CODE_SIGN_IDENTITY[sdk=iphoneos*]" = "iPhone Developer: Haoyang Zhu (R2RSGND58Z)";
				GCC_PRECOMPILE_PREFIX_HEADER = YES;
				GCC_PREFIX_HEADER = "Haitong/Haitong-Prefix.pch";
				INFOPLIST_FILE = "Haitong/Haitong-Info.plist";
				PRODUCT_NAME = "$(TARGET_NAME)";
				PROVISIONING_PROFILE = "E7A61D98-D64A-4C1B-859B-DAE086FAA6CD";
				"PROVISIONING_PROFILE[sdk=iphoneos*]" = "E7A61D98-D64A-4C1B-859B-DAE086FAA6CD";
				WRAPPER_EXTENSION = app;
			};
			name = Release;
		};
/* End XCBuildConfiguration section */

/* Begin XCConfigurationList section */
		C0622CE316157BED00111E54 /* Build configuration list for PBXProject "Haitong" */ = {
			isa = XCConfigurationList;
			buildConfigurations = (
				C0622D1916157BED00111E54 /* Debug */,
				C0622D1A16157BED00111E54 /* Release */,
			);
			defaultConfigurationIsVisible = 0;
			defaultConfigurationName = Release;
		};
		C0622D1B16157BED00111E54 /* Build configuration list for PBXNativeTarget "Haitong" */ = {
			isa = XCConfigurationList;
			buildConfigurations = (
				C0622D1C16157BED00111E54 /* Debug */,
				C0622D1D16157BED00111E54 /* Release */,
			);
			defaultConfigurationIsVisible = 0;
			defaultConfigurationName = Release;
		};
/* End XCConfigurationList section */
	};
	rootObject = C0622CE016157BED00111E54 /* Project object */;
}
